{"filter":false,"title":"package-lock.json","tooltip":"/LearnCS8-Resume/package-lock.json","ace":{"folds":[],"scrolltop":3203,"scrollleft":0,"selection":{"start":{"row":206,"column":0},"end":{"row":206,"column":0},"isBackwards":false},"options":{"guessTabSize":true,"useWrapMode":false,"wrapToView":true},"firstLineState":0},"hash":"84fa081ee7eab6771615f43d84a6b8eb48cb413a","undoManager":{"mark":-1,"position":-1,"stack":[]},"timestamp":1581985788859}